
Microsoft Visual Studio Solution File, Format Version 12.00
# Visual Studio Version 16
VisualStudioVersion = 16.0.30114.105
MinimumVisualStudioVersion = 10.0.40219.1
Project("{FAE04EC0-301F-11D3-BF4B-00C04F79EFBC}") = "Roblox.Website", "Roblox.Website\Roblox.Website.csproj", "{44FDABDC-B392-4609-AC7E-C396CC1173B8}"
EndProject
Project("{FAE04EC0-301F-11D3-BF4B-00C04F79EFBC}") = "Roblox.Libraries", "Roblox.Libraries\Roblox.Libraries.csproj", "{83B88CBD-726D-4A6B-BA76-4B97138FD578}"
EndProject
Project("{FAE04EC0-301F-11D3-BF4B-00C04F79EFBC}") = "Roblox.Dto", "Roblox.Dto\Roblox.Dto.csproj", "{738A4238-4E13-4605-B146-C4EA97A14708}"
EndProject
Project("{FAE04EC0-301F-11D3-BF4B-00C04F79EFBC}") = "Roblox.Models", "Roblox.Models\Roblox.Models.csproj", "{99DF936F-71B9-4584-B9A0-316B81EE9557}"
EndProject
Project("{FAE04EC0-301F-11D3-BF4B-00C04F79EFBC}") = "Roblox.Services", "Roblox.Services\Roblox.Services.csproj", "{6980F466-9B2A-4FA5-B15F-A16AA9354E60}"
EndProject
Project("{FAE04EC0-301F-11D3-BF4B-00C04F79EFBC}") = "Roblox.Rendering", "Roblox.Rendering\Roblox.Rendering.csproj", "{F484154A-A906-4BD1-A666-747DCB17349A}"
EndProject
Project("{FAE04EC0-301F-11D3-BF4B-00C04F79EFBC}") = "Roblox.Configuration", "Roblox.Configuration\Roblox.Configuration.csproj", "{15F92C60-6BD9-4739-9B8E-B3F7E0989269}"
EndProject
Project("{FAE04EC0-301F-11D3-BF4B-00C04F79EFBC}") = "Roblox.Logging", "Roblox.Logging\Roblox.Logging.csproj", "{C2CA602C-FDDE-441F-881B-374A9564EFFE}"
EndProject
Project("{FAE04EC0-301F-11D3-BF4B-00C04F79EFBC}") = "Roblox.Exceptions", "Roblox.Exceptions\Roblox.Exceptions.csproj", "{A2264037-194B-4950-ADC6-1B4B1E7E4FD6}"
EndProject
Project("{FAE04EC0-301F-11D3-BF4B-00C04F79EFBC}") = "Roblox.AbuseDetection", "Roblox.AbuseDetection\Roblox.AbuseDetection.csproj", "{2F68B700-71E9-4BF8-ACEF-4F33BD4DAE53}"
EndProject
Project("{FAE04EC0-301F-11D3-BF4B-00C04F79EFBC}") = "Roblox.Metrics", "Roblox.Metrics\Roblox.Metrics.csproj", "{E99E4CBC-2805-4185-83D6-85F046B523A3}"
EndProject
Project("{FAE04EC0-301F-11D3-BF4B-00C04F79EFBC}") = "Roblox.EconomyChat", "Roblox.EconomyChat\Roblox.EconomyChat.csproj", "{24250E71-4EE0-41E7-9F35-C6CD36CE93A1}"
EndProject
Project("{FAE04EC0-301F-11D3-BF4B-00C04F79EFBC}") = "Roblox.Cache", "Roblox.Cache\Roblox.Cache.csproj", "{9F8F7284-1971-490E-8738-29526BAC3696}"
EndProject
Project("{FAE04EC0-301F-11D3-BF4B-00C04F79EFBC}") = "Roblox.UnitTest", "Roblox.UnitTest\Roblox.UnitTest.csproj", "{CC1D327E-F120-435D-80B6-77D2FAD9EF0E}"
EndProject
Project("{FAE04EC0-301F-11D3-BF4B-00C04F79EFBC}") = "Roblox.Grid.Client", "..\rcc-core-master\src\client\Roblox.Grid.Client.csproj", "{471C9DD2-77EC-4814-AFB6-445E3D9F9A66}"
EndProject
Project("{FAE04EC0-301F-11D3-BF4B-00C04F79EFBC}") = "Roblox.Grid.Commands", "..\rcc-core-master\src\commands\Roblox.Grid.Commands.csproj", "{9884EDDF-5B7D-4758-9423-ECBE090A4A3B}"
EndProject
Global
	GlobalSection(SolutionConfigurationPlatforms) = preSolution
		Debug|Any CPU = Debug|Any CPU
		Debug|x64 = Debug|x64
		Debug|x86 = Debug|x86
		Release|Any CPU = Release|Any CPU
		Release|x64 = Release|x64
		Release|x86 = Release|x86
	EndGlobalSection
	GlobalSection(ProjectConfigurationPlatforms) = postSolution
		{44FDABDC-B392-4609-AC7E-C396CC1173B8}.Debug|Any CPU.ActiveCfg = Debug|Any CPU
		{44FDABDC-B392-4609-AC7E-C396CC1173B8}.Debug|Any CPU.Build.0 = Debug|Any CPU
		{44FDABDC-B392-4609-AC7E-C396CC1173B8}.Debug|x64.ActiveCfg = Debug|Any CPU
		{44FDABDC-B392-4609-AC7E-C396CC1173B8}.Debug|x64.Build.0 = Debug|Any CPU
		{44FDABDC-B392-4609-AC7E-C396CC1173B8}.Debug|x86.ActiveCfg = Debug|Any CPU
		{44FDABDC-B392-4609-AC7E-C396CC1173B8}.Debug|x86.Build.0 = Debug|Any CPU
		{44FDABDC-B392-4609-AC7E-C396CC1173B8}.Release|Any CPU.ActiveCfg = Release|Any CPU
		{44FDABDC-B392-4609-AC7E-C396CC1173B8}.Release|Any CPU.Build.0 = Release|Any CPU
		{44FDABDC-B392-4609-AC7E-C396CC1173B8}.Release|x64.ActiveCfg = Release|Any CPU
		{44FDABDC-B392-4609-AC7E-C396CC1173B8}.Release|x64.Build.0 = Release|Any CPU
		{44FDABDC-B392-4609-AC7E-C396CC1173B8}.Release|x86.ActiveCfg = Release|Any CPU
		{44FDABDC-B392-4609-AC7E-C396CC1173B8}.Release|x86.Build.0 = Release|Any CPU
		{83B88CBD-726D-4A6B-BA76-4B97138FD578}.Debug|Any CPU.ActiveCfg = Debug|Any CPU
		{83B88CBD-726D-4A6B-BA76-4B97138FD578}.Debug|Any CPU.Build.0 = Debug|Any CPU
		{83B88CBD-726D-4A6B-BA76-4B97138FD578}.Debug|x64.ActiveCfg = Debug|Any CPU
		{83B88CBD-726D-4A6B-BA76-4B97138FD578}.Debug|x64.Build.0 = Debug|Any CPU
		{83B88CBD-726D-4A6B-BA76-4B97138FD578}.Debug|x86.ActiveCfg = Debug|Any CPU
		{83B88CBD-726D-4A6B-BA76-4B97138FD578}.Debug|x86.Build.0 = Debug|Any CPU
		{83B88CBD-726D-4A6B-BA76-4B97138FD578}.Release|Any CPU.ActiveCfg = Release|Any CPU
		{83B88CBD-726D-4A6B-BA76-4B97138FD578}.Release|Any CPU.Build.0 = Release|Any CPU
		{83B88CBD-726D-4A6B-BA76-4B97138FD578}.Release|x64.ActiveCfg = Release|Any CPU
		{83B88CBD-726D-4A6B-BA76-4B97138FD578}.Release|x64.Build.0 = Release|Any CPU
		{83B88CBD-726D-4A6B-BA76-4B97138FD578}.Release|x86.ActiveCfg = Release|Any CPU
		{83B88CBD-726D-4A6B-BA76-4B97138FD578}.Release|x86.Build.0 = Release|Any CPU
		{738A4238-4E13-4605-B146-C4EA97A14708}.Debug|Any CPU.ActiveCfg = Debug|Any CPU
		{738A4238-4E13-4605-B146-C4EA97A14708}.Debug|Any CPU.Build.0 = Debug|Any CPU
		{738A4238-4E13-4605-B146-C4EA97A14708}.Debug|x64.ActiveCfg = Debug|Any CPU
		{738A4238-4E13-4605-B146-C4EA97A14708}.Debug|x64.Build.0 = Debug|Any CPU
		{738A4238-4E13-4605-B146-C4EA97A14708}.Debug|x86.ActiveCfg = Debug|Any CPU
		{738A4238-4E13-4605-B146-C4EA97A14708}.Debug|x86.Build.0 = Debug|Any CPU
		{738A4238-4E13-4605-B146-C4EA97A14708}.Release|Any CPU.ActiveCfg = Release|Any CPU
		{738A4238-4E13-4605-B146-C4EA97A14708}.Release|Any CPU.Build.0 = Release|Any CPU
		{738A4238-4E13-4605-B146-C4EA97A14708}.Release|x64.ActiveCfg = Release|Any CPU
		{738A4238-4E13-4605-B146-C4EA97A14708}.Release|x64.Build.0 = Release|Any CPU
		{738A4238-4E13-4605-B146-C4EA97A14708}.Release|x86.ActiveCfg = Release|Any CPU
		{738A4238-4E13-4605-B146-C4EA97A14708}.Release|x86.Build.0 = Release|Any CPU
		{99DF936F-71B9-4584-B9A0-316B81EE9557}.Debug|Any CPU.ActiveCfg = Debug|Any CPU
		{99DF936F-71B9-4584-B9A0-316B81EE9557}.Debug|Any CPU.Build.0 = Debug|Any CPU
		{99DF936F-71B9-4584-B9A0-316B81EE9557}.Debug|x64.ActiveCfg = Debug|Any CPU
		{99DF936F-71B9-4584-B9A0-316B81EE9557}.Debug|x64.Build.0 = Debug|Any CPU
		{99DF936F-71B9-4584-B9A0-316B81EE9557}.Debug|x86.ActiveCfg = Debug|Any CPU
		{99DF936F-71B9-4584-B9A0-316B81EE9557}.Debug|x86.Build.0 = Debug|Any CPU
		{99DF936F-71B9-4584-B9A0-316B81EE9557}.Release|Any CPU.ActiveCfg = Release|Any CPU
		{99DF936F-71B9-4584-B9A0-316B81EE9557}.Release|Any CPU.Build.0 = Release|Any CPU
		{99DF936F-71B9-4584-B9A0-316B81EE9557}.Release|x64.ActiveCfg = Release|Any CPU
		{99DF936F-71B9-4584-B9A0-316B81EE9557}.Release|x64.Build.0 = Release|Any CPU
		{99DF936F-71B9-4584-B9A0-316B81EE9557}.Release|x86.ActiveCfg = Release|Any CPU
		{99DF936F-71B9-4584-B9A0-316B81EE9557}.Release|x86.Build.0 = Release|Any CPU
		{6980F466-9B2A-4FA5-B15F-A16AA9354E60}.Debug|Any CPU.ActiveCfg = Debug|Any CPU
		{6980F466-9B2A-4FA5-B15F-A16AA9354E60}.Debug|Any CPU.Build.0 = Debug|Any CPU
		{6980F466-9B2A-4FA5-B15F-A16AA9354E60}.Debug|x64.ActiveCfg = Debug|Any CPU
		{6980F466-9B2A-4FA5-B15F-A16AA9354E60}.Debug|x64.Build.0 = Debug|Any CPU
		{6980F466-9B2A-4FA5-B15F-A16AA9354E60}.Debug|x86.ActiveCfg = Debug|Any CPU
		{6980F466-9B2A-4FA5-B15F-A16AA9354E60}.Debug|x86.Build.0 = Debug|Any CPU
		{6980F466-9B2A-4FA5-B15F-A16AA9354E60}.Release|Any CPU.ActiveCfg = Release|Any CPU
		{6980F466-9B2A-4FA5-B15F-A16AA9354E60}.Release|Any CPU.Build.0 = Release|Any CPU
		{6980F466-9B2A-4FA5-B15F-A16AA9354E60}.Release|x64.ActiveCfg = Release|Any CPU
		{6980F466-9B2A-4FA5-B15F-A16AA9354E60}.Release|x64.Build.0 = Release|Any CPU
		{6980F466-9B2A-4FA5-B15F-A16AA9354E60}.Release|x86.ActiveCfg = Release|Any CPU
		{6980F466-9B2A-4FA5-B15F-A16AA9354E60}.Release|x86.Build.0 = Release|Any CPU
		{F484154A-A906-4BD1-A666-747DCB17349A}.Debug|Any CPU.ActiveCfg = Debug|Any CPU
		{F484154A-A906-4BD1-A666-747DCB17349A}.Debug|Any CPU.Build.0 = Debug|Any CPU
		{F484154A-A906-4BD1-A666-747DCB17349A}.Debug|x64.ActiveCfg = Debug|Any CPU
		{F484154A-A906-4BD1-A666-747DCB17349A}.Debug|x64.Build.0 = Debug|Any CPU
		{F484154A-A906-4BD1-A666-747DCB17349A}.Debug|x86.ActiveCfg = Debug|Any CPU
		{F484154A-A906-4BD1-A666-747DCB17349A}.Debug|x86.Build.0 = Debug|Any CPU
		{F484154A-A906-4BD1-A666-747DCB17349A}.Release|Any CPU.ActiveCfg = Release|Any CPU
		{F484154A-A906-4BD1-A666-747DCB17349A}.Release|Any CPU.Build.0 = Release|Any CPU
		{F484154A-A906-4BD1-A666-747DCB17349A}.Release|x64.ActiveCfg = Release|Any CPU
		{F484154A-A906-4BD1-A666-747DCB17349A}.Release|x64.Build.0 = Release|Any CPU
		{F484154A-A906-4BD1-A666-747DCB17349A}.Release|x86.ActiveCfg = Release|Any CPU
		{F484154A-A906-4BD1-A666-747DCB17349A}.Release|x86.Build.0 = Release|Any CPU
		{15F92C60-6BD9-4739-9B8E-B3F7E0989269}.Debug|Any CPU.ActiveCfg = Debug|Any CPU
		{15F92C60-6BD9-4739-9B8E-B3F7E0989269}.Debug|Any CPU.Build.0 = Debug|Any CPU
		{15F92C60-6BD9-4739-9B8E-B3F7E0989269}.Debug|x64.ActiveCfg = Debug|Any CPU
		{15F92C60-6BD9-4739-9B8E-B3F7E0989269}.Debug|x64.Build.0 = Debug|Any CPU
		{15F92C60-6BD9-4739-9B8E-B3F7E0989269}.Debug|x86.ActiveCfg = Debug|Any CPU
		{15F92C60-6BD9-4739-9B8E-B3F7E0989269}.Debug|x86.Build.0 = Debug|Any CPU
		{15F92C60-6BD9-4739-9B8E-B3F7E0989269}.Release|Any CPU.ActiveCfg = Release|Any CPU
		{15F92C60-6BD9-4739-9B8E-B3F7E0989269}.Release|Any CPU.Build.0 = Release|Any CPU
		{15F92C60-6BD9-4739-9B8E-B3F7E0989269}.Release|x64.ActiveCfg = Release|Any CPU
		{15F92C60-6BD9-4739-9B8E-B3F7E0989269}.Release|x64.Build.0 = Release|Any CPU
		{15F92C60-6BD9-4739-9B8E-B3F7E0989269}.Release|x86.ActiveCfg = Release|Any CPU
		{15F92C60-6BD9-4739-9B8E-B3F7E0989269}.Release|x86.Build.0 = Release|Any CPU
		{C2CA602C-FDDE-441F-881B-374A9564EFFE}.Debug|Any CPU.ActiveCfg = Debug|Any CPU
		{C2CA602C-FDDE-441F-881B-374A9564EFFE}.Debug|Any CPU.Build.0 = Debug|Any CPU
		{C2CA602C-FDDE-441F-881B-374A9564EFFE}.Debug|x64.ActiveCfg = Debug|Any CPU
		{C2CA602C-FDDE-441F-881B-374A9564EFFE}.Debug|x64.Build.0 = Debug|Any CPU
		{C2CA602C-FDDE-441F-881B-374A9564EFFE}.Debug|x86.ActiveCfg = Debug|Any CPU
		{C2CA602C-FDDE-441F-881B-374A9564EFFE}.Debug|x86.Build.0 = Debug|Any CPU
		{C2CA602C-FDDE-441F-881B-374A9564EFFE}.Release|Any CPU.ActiveCfg = Release|Any CPU
		{C2CA602C-FDDE-441F-881B-374A9564EFFE}.Release|Any CPU.Build.0 = Release|Any CPU
		{C2CA602C-FDDE-441F-881B-374A9564EFFE}.Release|x64.ActiveCfg = Release|Any CPU
		{C2CA602C-FDDE-441F-881B-374A9564EFFE}.Release|x64.Build.0 = Release|Any CPU
		{C2CA602C-FDDE-441F-881B-374A9564EFFE}.Release|x86.ActiveCfg = Release|Any CPU
		{C2CA602C-FDDE-441F-881B-374A9564EFFE}.Release|x86.Build.0 = Release|Any CPU
		{A2264037-194B-4950-ADC6-1B4B1E7E4FD6}.Debug|Any CPU.ActiveCfg = Debug|Any CPU
		{A2264037-194B-4950-ADC6-1B4B1E7E4FD6}.Debug|Any CPU.Build.0 = Debug|Any CPU
		{A2264037-194B-4950-ADC6-1B4B1E7E4FD6}.Debug|x64.ActiveCfg = Debug|Any CPU
		{A2264037-194B-4950-ADC6-1B4B1E7E4FD6}.Debug|x64.Build.0 = Debug|Any CPU
		{A2264037-194B-4950-ADC6-1B4B1E7E4FD6}.Debug|x86.ActiveCfg = Debug|Any CPU
		{A2264037-194B-4950-ADC6-1B4B1E7E4FD6}.Debug|x86.Build.0 = Debug|Any CPU
		{A2264037-194B-4950-ADC6-1B4B1E7E4FD6}.Release|Any CPU.ActiveCfg = Release|Any CPU
		{A2264037-194B-4950-ADC6-1B4B1E7E4FD6}.Release|Any CPU.Build.0 = Release|Any CPU
		{A2264037-194B-4950-ADC6-1B4B1E7E4FD6}.Release|x64.ActiveCfg = Release|Any CPU
		{A2264037-194B-4950-ADC6-1B4B1E7E4FD6}.Release|x64.Build.0 = Release|Any CPU
		{A2264037-194B-4950-ADC6-1B4B1E7E4FD6}.Release|x86.ActiveCfg = Release|Any CPU
		{A2264037-194B-4950-ADC6-1B4B1E7E4FD6}.Release|x86.Build.0 = Release|Any CPU
		{2F68B700-71E9-4BF8-ACEF-4F33BD4DAE53}.Debug|Any CPU.ActiveCfg = Debug|Any CPU
		{2F68B700-71E9-4BF8-ACEF-4F33BD4DAE53}.Debug|Any CPU.Build.0 = Debug|Any CPU
		{2F68B700-71E9-4BF8-ACEF-4F33BD4DAE53}.Debug|x64.ActiveCfg = Debug|Any CPU
		{2F68B700-71E9-4BF8-ACEF-4F33BD4DAE53}.Debug|x64.Build.0 = Debug|Any CPU
		{2F68B700-71E9-4BF8-ACEF-4F33BD4DAE53}.Debug|x86.ActiveCfg = Debug|Any CPU
		{2F68B700-71E9-4BF8-ACEF-4F33BD4DAE53}.Debug|x86.Build.0 = Debug|Any CPU
		{2F68B700-71E9-4BF8-ACEF-4F33BD4DAE53}.Release|Any CPU.ActiveCfg = Release|Any CPU
		{2F68B700-71E9-4BF8-ACEF-4F33BD4DAE53}.Release|Any CPU.Build.0 = Release|Any CPU
		{2F68B700-71E9-4BF8-ACEF-4F33BD4DAE53}.Release|x64.ActiveCfg = Release|Any CPU
		{2F68B700-71E9-4BF8-ACEF-4F33BD4DAE53}.Release|x64.Build.0 = Release|Any CPU
		{2F68B700-71E9-4BF8-ACEF-4F33BD4DAE53}.Release|x86.ActiveCfg = Release|Any CPU
		{2F68B700-71E9-4BF8-ACEF-4F33BD4DAE53}.Release|x86.Build.0 = Release|Any CPU
		{E99E4CBC-2805-4185-83D6-85F046B523A3}.Debug|Any CPU.ActiveCfg = Debug|Any CPU
		{E99E4CBC-2805-4185-83D6-85F046B523A3}.Debug|Any CPU.Build.0 = Debug|Any CPU
		{E99E4CBC-2805-4185-83D6-85F046B523A3}.Debug|x64.ActiveCfg = Debug|Any CPU
		{E99E4CBC-2805-4185-83D6-85F046B523A3}.Debug|x64.Build.0 = Debug|Any CPU
		{E99E4CBC-2805-4185-83D6-85F046B523A3}.Debug|x86.ActiveCfg = Debug|Any CPU
		{E99E4CBC-2805-4185-83D6-85F046B523A3}.Debug|x86.Build.0 = Debug|Any CPU
		{E99E4CBC-2805-4185-83D6-85F046B523A3}.Release|Any CPU.ActiveCfg = Release|Any CPU
		{E99E4CBC-2805-4185-83D6-85F046B523A3}.Release|Any CPU.Build.0 = Release|Any CPU
		{E99E4CBC-2805-4185-83D6-85F046B523A3}.Release|x64.ActiveCfg = Release|Any CPU
		{E99E4CBC-2805-4185-83D6-85F046B523A3}.Release|x64.Build.0 = Release|Any CPU
		{E99E4CBC-2805-4185-83D6-85F046B523A3}.Release|x86.ActiveCfg = Release|Any CPU
		{E99E4CBC-2805-4185-83D6-85F046B523A3}.Release|x86.Build.0 = Release|Any CPU
		{24250E71-4EE0-41E7-9F35-C6CD36CE93A1}.Debug|Any CPU.ActiveCfg = Debug|Any CPU
		{24250E71-4EE0-41E7-9F35-C6CD36CE93A1}.Debug|Any CPU.Build.0 = Debug|Any CPU
		{24250E71-4EE0-41E7-9F35-C6CD36CE93A1}.Debug|x64.ActiveCfg = Debug|Any CPU
		{24250E71-4EE0-41E7-9F35-C6CD36CE93A1}.Debug|x64.Build.0 = Debug|Any CPU
		{24250E71-4EE0-41E7-9F35-C6CD36CE93A1}.Debug|x86.ActiveCfg = Debug|Any CPU
		{24250E71-4EE0-41E7-9F35-C6CD36CE93A1}.Debug|x86.Build.0 = Debug|Any CPU
		{24250E71-4EE0-41E7-9F35-C6CD36CE93A1}.Release|Any CPU.ActiveCfg = Release|Any CPU
		{24250E71-4EE0-41E7-9F35-C6CD36CE93A1}.Release|Any CPU.Build.0 = Release|Any CPU
		{24250E71-4EE0-41E7-9F35-C6CD36CE93A1}.Release|x64.ActiveCfg = Release|Any CPU
		{24250E71-4EE0-41E7-9F35-C6CD36CE93A1}.Release|x64.Build.0 = Release|Any CPU
		{24250E71-4EE0-41E7-9F35-C6CD36CE93A1}.Release|x86.ActiveCfg = Release|Any CPU
		{24250E71-4EE0-41E7-9F35-C6CD36CE93A1}.Release|x86.Build.0 = Release|Any CPU
		{9F8F7284-1971-490E-8738-29526BAC3696}.Debug|Any CPU.ActiveCfg = Debug|Any CPU
		{9F8F7284-1971-490E-8738-29526BAC3696}.Debug|Any CPU.Build.0 = Debug|Any CPU
		{9F8F7284-1971-490E-8738-29526BAC3696}.Debug|x64.ActiveCfg = Debug|Any CPU
		{9F8F7284-1971-490E-8738-29526BAC3696}.Debug|x64.Build.0 = Debug|Any CPU
		{9F8F7284-1971-490E-8738-29526BAC3696}.Debug|x86.ActiveCfg = Debug|Any CPU
		{9F8F7284-1971-490E-8738-29526BAC3696}.Debug|x86.Build.0 = Debug|Any CPU
		{9F8F7284-1971-490E-8738-29526BAC3696}.Release|Any CPU.ActiveCfg = Release|Any CPU
		{9F8F7284-1971-490E-8738-29526BAC3696}.Release|Any CPU.Build.0 = Release|Any CPU
		{9F8F7284-1971-490E-8738-29526BAC3696}.Release|x64.ActiveCfg = Release|Any CPU
		{9F8F7284-1971-490E-8738-29526BAC3696}.Release|x64.Build.0 = Release|Any CPU
		{9F8F7284-1971-490E-8738-29526BAC3696}.Release|x86.ActiveCfg = Release|Any CPU
		{9F8F7284-1971-490E-8738-29526BAC3696}.Release|x86.Build.0 = Release|Any CPU
		{CC1D327E-F120-435D-80B6-77D2FAD9EF0E}.Debug|Any CPU.ActiveCfg = Debug|Any CPU
		{CC1D327E-F120-435D-80B6-77D2FAD9EF0E}.Debug|Any CPU.Build.0 = Debug|Any CPU
		{CC1D327E-F120-435D-80B6-77D2FAD9EF0E}.Debug|x64.ActiveCfg = Debug|Any CPU
		{CC1D327E-F120-435D-80B6-77D2FAD9EF0E}.Debug|x64.Build.0 = Debug|Any CPU
		{CC1D327E-F120-435D-80B6-77D2FAD9EF0E}.Debug|x86.ActiveCfg = Debug|Any CPU
		{CC1D327E-F120-435D-80B6-77D2FAD9EF0E}.Debug|x86.Build.0 = Debug|Any CPU
		{CC1D327E-F120-435D-80B6-77D2FAD9EF0E}.Release|Any CPU.ActiveCfg = Release|Any CPU
		{CC1D327E-F120-435D-80B6-77D2FAD9EF0E}.Release|Any CPU.Build.0 = Release|Any CPU
		{CC1D327E-F120-435D-80B6-77D2FAD9EF0E}.Release|x64.ActiveCfg = Release|Any CPU
		{CC1D327E-F120-435D-80B6-77D2FAD9EF0E}.Release|x64.Build.0 = Release|Any CPU
		{CC1D327E-F120-435D-80B6-77D2FAD9EF0E}.Release|x86.ActiveCfg = Release|Any CPU
		{CC1D327E-F120-435D-80B6-77D2FAD9EF0E}.Release|x86.Build.0 = Release|Any CPU
		{471C9DD2-77EC-4814-AFB6-445E3D9F9A66}.Debug|Any CPU.ActiveCfg = Debug|Any CPU
		{471C9DD2-77EC-4814-AFB6-445E3D9F9A66}.Debug|Any CPU.Build.0 = Debug|Any CPU
		{471C9DD2-77EC-4814-AFB6-445E3D9F9A66}.Debug|x64.ActiveCfg = Debug|Any CPU
		{471C9DD2-77EC-4814-AFB6-445E3D9F9A66}.Debug|x64.Build.0 = Debug|Any CPU
		{471C9DD2-77EC-4814-AFB6-445E3D9F9A66}.Debug|x86.ActiveCfg = Debug|Any CPU
		{471C9DD2-77EC-4814-AFB6-445E3D9F9A66}.Debug|x86.Build.0 = Debug|Any CPU
		{471C9DD2-77EC-4814-AFB6-445E3D9F9A66}.Release|Any CPU.ActiveCfg = Release|Any CPU
		{471C9DD2-77EC-4814-AFB6-445E3D9F9A66}.Release|Any CPU.Build.0 = Release|Any CPU
		{471C9DD2-77EC-4814-AFB6-445E3D9F9A66}.Release|x64.ActiveCfg = Release|Any CPU
		{471C9DD2-77EC-4814-AFB6-445E3D9F9A66}.Release|x64.Build.0 = Release|Any CPU
		{471C9DD2-77EC-4814-AFB6-445E3D9F9A66}.Release|x86.ActiveCfg = Release|Any CPU
		{471C9DD2-77EC-4814-AFB6-445E3D9F9A66}.Release|x86.Build.0 = Release|Any CPU
		{9884EDDF-5B7D-4758-9423-ECBE090A4A3B}.Debug|Any CPU.ActiveCfg = Debug|Any CPU
		{9884EDDF-5B7D-4758-9423-ECBE090A4A3B}.Debug|Any CPU.Build.0 = Debug|Any CPU
		{9884EDDF-5B7D-4758-9423-ECBE090A4A3B}.Debug|x64.ActiveCfg = Debug|Any CPU
		{9884EDDF-5B7D-4758-9423-ECBE090A4A3B}.Debug|x64.Build.0 = Debug|Any CPU
		{9884EDDF-5B7D-4758-9423-ECBE090A4A3B}.Debug|x86.ActiveCfg = Debug|Any CPU
		{9884EDDF-5B7D-4758-9423-ECBE090A4A3B}.Debug|x86.Build.0 = Debug|Any CPU
		{9884EDDF-5B7D-4758-9423-ECBE090A4A3B}.Release|Any CPU.ActiveCfg = Release|Any CPU
		{9884EDDF-5B7D-4758-9423-ECBE090A4A3B}.Release|Any CPU.Build.0 = Release|Any CPU
		{9884EDDF-5B7D-4758-9423-ECBE090A4A3B}.Release|x64.ActiveCfg = Release|Any CPU
		{9884EDDF-5B7D-4758-9423-ECBE090A4A3B}.Release|x64.Build.0 = Release|Any CPU
		{9884EDDF-5B7D-4758-9423-ECBE090A4A3B}.Release|x86.ActiveCfg = Release|Any CPU
		{9884EDDF-5B7D-4758-9423-ECBE090A4A3B}.Release|x86.Build.0 = Release|Any CPU
	EndGlobalSection
	GlobalSection(SolutionProperties) = preSolution
		HideSolutionNode = FALSE
	EndGlobalSection
EndGlobal
